
Microsoft Visual Studio Solution File, Format Version 12.00
# Visual Studio Express 2012 for Windows Desktop
Project("{FAE04EC0-301F-11D3-BF4B-00C04F79EFBC}") = "CLINICA - FRBA", "CLINICA - FRBA\CLINICA - FRBA.csproj", "{4CCBD158-F533-4C2D-B3BB-FEF591B741E8}"
EndProject
Project("{FAE04EC0-301F-11D3-BF4B-00C04F79EFBC}") = "CapaDatos", "CapaDatos\CapaDatos.csproj", "{AB1996FE-EC39-483F-BCE3-328A8D824062}"
EndProject
Project("{FAE04EC0-301F-11D3-BF4B-00C04F79EFBC}") = "CapaNegocio", "CapaNegocio\CapaNegocio.csproj", "{62AC044D-3222-4D75-9924-D4D3935987F0}"
EndProject
Project("{FAE04EC0-301F-11D3-BF4B-00C04F79EFBC}") = "CapaPresentacion", "CapaPresentacion\CapaPresentacion.csproj", "{98E3F3FE-5F9F-484E-BAC9-FB4AA4AA48EB}"
EndProject
Global
	GlobalSection(SolutionConfigurationPlatforms) = preSolution
		Debug|Any CPU = Debug|Any CPU
		Release|Any CPU = Release|Any CPU
	EndGlobalSection
	GlobalSection(ProjectConfigurationPlatforms) = postSolution
		{4CCBD158-F533-4C2D-B3BB-FEF591B741E8}.Debug|Any CPU.ActiveCfg = Debug|Any CPU
		{4CCBD158-F533-4C2D-B3BB-FEF591B741E8}.Debug|Any CPU.Build.0 = Debug|Any CPU
		{4CCBD158-F533-4C2D-B3BB-FEF591B741E8}.Release|Any CPU.ActiveCfg = Release|Any CPU
		{4CCBD158-F533-4C2D-B3BB-FEF591B741E8}.Release|Any CPU.Build.0 = Release|Any CPU
		{AB1996FE-EC39-483F-BCE3-328A8D824062}.Debug|Any CPU.ActiveCfg = Debug|Any CPU
		{AB1996FE-EC39-483F-BCE3-328A8D824062}.Debug|Any CPU.Build.0 = Debug|Any CPU
		{AB1996FE-EC39-483F-BCE3-328A8D824062}.Release|Any CPU.ActiveCfg = Release|Any CPU
		{AB1996FE-EC39-483F-BCE3-328A8D824062}.Release|Any CPU.Build.0 = Release|Any CPU
		{62AC044D-3222-4D75-9924-D4D3935987F0}.Debug|Any CPU.ActiveCfg = Debug|Any CPU
		{62AC044D-3222-4D75-9924-D4D3935987F0}.Debug|Any CPU.Build.0 = Debug|Any CPU
		{62AC044D-3222-4D75-9924-D4D3935987F0}.Release|Any CPU.ActiveCfg = Release|Any CPU
		{62AC044D-3222-4D75-9924-D4D3935987F0}.Release|Any CPU.Build.0 = Release|Any CPU
		{98E3F3FE-5F9F-484E-BAC9-FB4AA4AA48EB}.Debug|Any CPU.ActiveCfg = Debug|Any CPU
		{98E3F3FE-5F9F-484E-BAC9-FB4AA4AA48EB}.Debug|Any CPU.Build.0 = Debug|Any CPU
		{98E3F3FE-5F9F-484E-BAC9-FB4AA4AA48EB}.Release|Any CPU.ActiveCfg = Release|Any CPU
		{98E3F3FE-5F9F-484E-BAC9-FB4AA4AA48EB}.Release|Any CPU.Build.0 = Release|Any CPU
	EndGlobalSection
	GlobalSection(SolutionProperties) = preSolution
		HideSolutionNode = FALSE
	EndGlobalSection
EndGlobal
